
Microsoft Visual Studio Solution File, Format Version 12.00
# Visual Studio Version 16
VisualStudioVersion = 16.0.31410.357
MinimumVisualStudioVersion = 10.0.40219.1
Project("{FAE04EC0-301F-11D3-BF4B-00C04F79EFBC}") = "SnippetProject", "SnippetProject\SnippetProject.csproj", "{12864EDE-6FE1-466A-9952-CB7BE2CA3C96}"
EndProject
Global
	GlobalSection(SolutionConfigurationPlatforms) = preSolution
		Debug|Any CPU = Debug|Any CPU
		Release|Any CPU = Release|Any CPU
	EndGlobalSection
	GlobalSection(ProjectConfigurationPlatforms) = postSolution
		{12864EDE-6FE1-466A-9952-CB7BE2CA3C96}.Debug|Any CPU.ActiveCfg = Debug|Any CPU
		{12864EDE-6FE1-466A-9952-CB7BE2CA3C96}.Debug|Any CPU.Build.0 = Debug|Any CPU
		{12864EDE-6FE1-466A-9952-CB7BE2CA3C96}.Release|Any CPU.ActiveCfg = Release|Any CPU
		{12864EDE-6FE1-466A-9952-CB7BE2CA3C96}.Release|Any CPU.Build.0 = Release|Any CPU
	EndGlobalSection
	GlobalSection(SolutionProperties) = preSolution
		HideSolutionNode = FALSE
	EndGlobalSection
	GlobalSection(ExtensibilityGlobals) = postSolution
		SolutionGuid = {26A0AD39-804F-430F-92F9-6B49FE2217C1}
	EndGlobalSection
EndGlobal
